
Microsoft Visual Studio Solution File, Format Version 12.00
# Visual Studio 2012
Project("{FAE04EC0-301F-11D3-BF4B-00C04F79EFBC}") = "Math Quiz", "Math Quiz\Math Quiz.csproj", "{29801F2A-1A02-4443-AF1D-0408AC5D7BE6}"
EndProject
Global
	GlobalSection(SolutionConfigurationPlatforms) = preSolution
		Debug|Any CPU = Debug|Any CPU
		Release|Any CPU = Release|Any CPU
	EndGlobalSection
	GlobalSection(ProjectConfigurationPlatforms) = postSolution
		{29801F2A-1A02-4443-AF1D-0408AC5D7BE6}.Debug|Any CPU.ActiveCfg = Debug|Any CPU
		{29801F2A-1A02-4443-AF1D-0408AC5D7BE6}.Debug|Any CPU.Build.0 = Debug|Any CPU
		{29801F2A-1A02-4443-AF1D-0408AC5D7BE6}.Release|Any CPU.ActiveCfg = Release|Any CPU
		{29801F2A-1A02-4443-AF1D-0408AC5D7BE6}.Release|Any CPU.Build.0 = Release|Any CPU
	EndGlobalSection
	GlobalSection(SolutionProperties) = preSolution
		HideSolutionNode = FALSE
	EndGlobalSection
EndGlobal
