
Microsoft Visual Studio Solution File, Format Version 12.00
# Visual Studio 2012
Project("{FAE04EC0-301F-11D3-BF4B-00C04F79EFBC}") = "Maze", "Maze\Maze.csproj", "{60670C28-F832-4E06-8F52-6CF337527835}"
EndProject
Global
	GlobalSection(SolutionConfigurationPlatforms) = preSolution
		Debug|Any CPU = Debug|Any CPU
		Release|Any CPU = Release|Any CPU
	EndGlobalSection
	GlobalSection(ProjectConfigurationPlatforms) = postSolution
		{60670C28-F832-4E06-8F52-6CF337527835}.Debug|Any CPU.ActiveCfg = Debug|Any CPU
		{60670C28-F832-4E06-8F52-6CF337527835}.Debug|Any CPU.Build.0 = Debug|Any CPU
		{60670C28-F832-4E06-8F52-6CF337527835}.Release|Any CPU.ActiveCfg = Release|Any CPU
		{60670C28-F832-4E06-8F52-6CF337527835}.Release|Any CPU.Build.0 = Release|Any CPU
	EndGlobalSection
	GlobalSection(SolutionProperties) = preSolution
		HideSolutionNode = FALSE
	EndGlobalSection
EndGlobal
